
Microsoft Visual Studio Solution File, Format Version 12.00
# Visual Studio Version 16
VisualStudioVersion = 16.0.31605.320
MinimumVisualStudioVersion = 10.0.40219.1
Project("{8BC9CEB8-8B4A-11D0-8D11-00A0C91BC942}") = "01.NameAndAge", "01.NameAndAge\01.NameAndAge.vcxproj", "{38B266C9-5DF5-44E9-8580-6DF72037F387}"
EndProject
Project("{8BC9CEB8-8B4A-11D0-8D11-00A0C91BC942}") = "02.NumberInformation", "02.NumberInformation\02.NumberInformation.vcxproj", "{A3F4609E-9649-4DB2-B0F5-B86CBD779AD7}"
EndProject
Project("{8BC9CEB8-8B4A-11D0-8D11-00A0C91BC942}") = "03.AverageSqrt", "03.AverageSqrt\03.AverageSqrt.vcxproj", "{0FAF05F8-9B4F-4B20-A5B7-167337EC675E}"
EndProject
Project("{8BC9CEB8-8B4A-11D0-8D11-00A0C91BC942}") = "04.RadiansDegrees", "04.RadiansDegrees\04.RadiansDegrees.vcxproj", "{DB61E080-F67D-4CCA-94D5-01AF7FA37967}"
EndProject
Project("{8BC9CEB8-8B4A-11D0-8D11-00A0C91BC942}") = "05.Candies", "05.Candies\05.Candies.vcxproj", "{463A1883-0437-498C-B640-B658C9B96C16}"
EndProject
Global
	GlobalSection(SolutionConfigurationPlatforms) = preSolution
		Debug|x64 = Debug|x64
		Debug|x86 = Debug|x86
		Release|x64 = Release|x64
		Release|x86 = Release|x86
	EndGlobalSection
	GlobalSection(ProjectConfigurationPlatforms) = postSolution
		{38B266C9-5DF5-44E9-8580-6DF72037F387}.Debug|x64.ActiveCfg = Debug|x64
		{38B266C9-5DF5-44E9-8580-6DF72037F387}.Debug|x64.Build.0 = Debug|x64
		{38B266C9-5DF5-44E9-8580-6DF72037F387}.Debug|x86.ActiveCfg = Debug|Win32
		{38B266C9-5DF5-44E9-8580-6DF72037F387}.Debug|x86.Build.0 = Debug|Win32
		{38B266C9-5DF5-44E9-8580-6DF72037F387}.Release|x64.ActiveCfg = Release|x64
		{38B266C9-5DF5-44E9-8580-6DF72037F387}.Release|x64.Build.0 = Release|x64
		{38B266C9-5DF5-44E9-8580-6DF72037F387}.Release|x86.ActiveCfg = Release|Win32
		{38B266C9-5DF5-44E9-8580-6DF72037F387}.Release|x86.Build.0 = Release|Win32
		{A3F4609E-9649-4DB2-B0F5-B86CBD779AD7}.Debug|x64.ActiveCfg = Debug|x64
		{A3F4609E-9649-4DB2-B0F5-B86CBD779AD7}.Debug|x64.Build.0 = Debug|x64
		{A3F4609E-9649-4DB2-B0F5-B86CBD779AD7}.Debug|x86.ActiveCfg = Debug|Win32
		{A3F4609E-9649-4DB2-B0F5-B86CBD779AD7}.Debug|x86.Build.0 = Debug|Win32
		{A3F4609E-9649-4DB2-B0F5-B86CBD779AD7}.Release|x64.ActiveCfg = Release|x64
		{A3F4609E-9649-4DB2-B0F5-B86CBD779AD7}.Release|x64.Build.0 = Release|x64
		{A3F4609E-9649-4DB2-B0F5-B86CBD779AD7}.Release|x86.ActiveCfg = Release|Win32
		{A3F4609E-9649-4DB2-B0F5-B86CBD779AD7}.Release|x86.Build.0 = Release|Win32
		{0FAF05F8-9B4F-4B20-A5B7-167337EC675E}.Debug|x64.ActiveCfg = Debug|x64
		{0FAF05F8-9B4F-4B20-A5B7-167337EC675E}.Debug|x64.Build.0 = Debug|x64
		{0FAF05F8-9B4F-4B20-A5B7-167337EC675E}.Debug|x86.ActiveCfg = Debug|Win32
		{0FAF05F8-9B4F-4B20-A5B7-167337EC675E}.Debug|x86.Build.0 = Debug|Win32
		{0FAF05F8-9B4F-4B20-A5B7-167337EC675E}.Release|x64.ActiveCfg = Release|x64
		{0FAF05F8-9B4F-4B20-A5B7-167337EC675E}.Release|x64.Build.0 = Release|x64
		{0FAF05F8-9B4F-4B20-A5B7-167337EC675E}.Release|x86.ActiveCfg = Release|Win32
		{0FAF05F8-9B4F-4B20-A5B7-167337EC675E}.Release|x86.Build.0 = Release|Win32
		{DB61E080-F67D-4CCA-94D5-01AF7FA37967}.Debug|x64.ActiveCfg = Debug|x64
		{DB61E080-F67D-4CCA-94D5-01AF7FA37967}.Debug|x64.Build.0 = Debug|x64
		{DB61E080-F67D-4CCA-94D5-01AF7FA37967}.Debug|x86.ActiveCfg = Debug|Win32
		{DB61E080-F67D-4CCA-94D5-01AF7FA37967}.Debug|x86.Build.0 = Debug|Win32
		{DB61E080-F67D-4CCA-94D5-01AF7FA37967}.Release|x64.ActiveCfg = Release|x64
		{DB61E080-F67D-4CCA-94D5-01AF7FA37967}.Release|x64.Build.0 = Release|x64
		{DB61E080-F67D-4CCA-94D5-01AF7FA37967}.Release|x86.ActiveCfg = Release|Win32
		{DB61E080-F67D-4CCA-94D5-01AF7FA37967}.Release|x86.Build.0 = Release|Win32
		{463A1883-0437-498C-B640-B658C9B96C16}.Debug|x64.ActiveCfg = Debug|x64
		{463A1883-0437-498C-B640-B658C9B96C16}.Debug|x64.Build.0 = Debug|x64
		{463A1883-0437-498C-B640-B658C9B96C16}.Debug|x86.ActiveCfg = Debug|Win32
		{463A1883-0437-498C-B640-B658C9B96C16}.Debug|x86.Build.0 = Debug|Win32
		{463A1883-0437-498C-B640-B658C9B96C16}.Release|x64.ActiveCfg = Release|x64
		{463A1883-0437-498C-B640-B658C9B96C16}.Release|x64.Build.0 = Release|x64
		{463A1883-0437-498C-B640-B658C9B96C16}.Release|x86.ActiveCfg = Release|Win32
		{463A1883-0437-498C-B640-B658C9B96C16}.Release|x86.Build.0 = Release|Win32
	EndGlobalSection
	GlobalSection(SolutionProperties) = preSolution
		HideSolutionNode = FALSE
	EndGlobalSection
	GlobalSection(ExtensibilityGlobals) = postSolution
		SolutionGuid = {A6190D50-A31A-4052-8B05-A29A7DD709D8}
	EndGlobalSection
EndGlobal
