
Microsoft Visual Studio Solution File, Format Version 12.00
# Visual Studio Version 16
VisualStudioVersion = 16.0.31605.320
MinimumVisualStudioVersion = 10.0.40219.1
Project("{8BC9CEB8-8B4A-11D0-8D11-00A0C91BC942}") = "01.ModifyArray", "01.ModifyArray\01.ModifyArray.vcxproj", "{52A012E6-959C-4DEA-9D7D-37BEE1DCF879}"
EndProject
Project("{8BC9CEB8-8B4A-11D0-8D11-00A0C91BC942}") = "02.StudentSystem", "02.StudentSystem\02.StudentSystem.vcxproj", "{23001C78-F9D3-4F4C-97D5-9911287A26F9}"
EndProject
Project("{8BC9CEB8-8B4A-11D0-8D11-00A0C91BC942}") = "04.FillMatrix", "04.FillMatrix\04.FillMatrix.vcxproj", "{1C89A02E-4025-467E-AEA5-30D31F8223C7}"
EndProject
Project("{8BC9CEB8-8B4A-11D0-8D11-00A0C91BC942}") = "05.RemoveDigitsFromString", "05.RemoveDigitsFromString\05.RemoveDigitsFromString.vcxproj", "{806BEA48-77E0-4473-9605-38BDEEE742DA}"
EndProject
Project("{8BC9CEB8-8B4A-11D0-8D11-00A0C91BC942}") = "06.ReplaceString", "06.ReplaceString\06.ReplaceString.vcxproj", "{8AE186C2-AB1A-4B24-9B00-B0E954EACE6C}"
EndProject
Project("{8BC9CEB8-8B4A-11D0-8D11-00A0C91BC942}") = "07.MatchingStrings", "07.MatchingStrings\07.MatchingStrings.vcxproj", "{5CD86F7D-E084-4A20-BB30-09591D0991FD}"
EndProject
Project("{8BC9CEB8-8B4A-11D0-8D11-00A0C91BC942}") = "03.Wagons", "03.Wagons\03.Wagons.vcxproj", "{5A24E30E-5B8E-4930-8D48-E03769103EBF}"
EndProject
Global
	GlobalSection(SolutionConfigurationPlatforms) = preSolution
		Debug|x64 = Debug|x64
		Debug|x86 = Debug|x86
		Release|x64 = Release|x64
		Release|x86 = Release|x86
	EndGlobalSection
	GlobalSection(ProjectConfigurationPlatforms) = postSolution
		{52A012E6-959C-4DEA-9D7D-37BEE1DCF879}.Debug|x64.ActiveCfg = Debug|x64
		{52A012E6-959C-4DEA-9D7D-37BEE1DCF879}.Debug|x64.Build.0 = Debug|x64
		{52A012E6-959C-4DEA-9D7D-37BEE1DCF879}.Debug|x86.ActiveCfg = Debug|Win32
		{52A012E6-959C-4DEA-9D7D-37BEE1DCF879}.Debug|x86.Build.0 = Debug|Win32
		{52A012E6-959C-4DEA-9D7D-37BEE1DCF879}.Release|x64.ActiveCfg = Release|x64
		{52A012E6-959C-4DEA-9D7D-37BEE1DCF879}.Release|x64.Build.0 = Release|x64
		{52A012E6-959C-4DEA-9D7D-37BEE1DCF879}.Release|x86.ActiveCfg = Release|Win32
		{52A012E6-959C-4DEA-9D7D-37BEE1DCF879}.Release|x86.Build.0 = Release|Win32
		{23001C78-F9D3-4F4C-97D5-9911287A26F9}.Debug|x64.ActiveCfg = Debug|x64
		{23001C78-F9D3-4F4C-97D5-9911287A26F9}.Debug|x64.Build.0 = Debug|x64
		{23001C78-F9D3-4F4C-97D5-9911287A26F9}.Debug|x86.ActiveCfg = Debug|Win32
		{23001C78-F9D3-4F4C-97D5-9911287A26F9}.Debug|x86.Build.0 = Debug|Win32
		{23001C78-F9D3-4F4C-97D5-9911287A26F9}.Release|x64.ActiveCfg = Release|x64
		{23001C78-F9D3-4F4C-97D5-9911287A26F9}.Release|x64.Build.0 = Release|x64
		{23001C78-F9D3-4F4C-97D5-9911287A26F9}.Release|x86.ActiveCfg = Release|Win32
		{23001C78-F9D3-4F4C-97D5-9911287A26F9}.Release|x86.Build.0 = Release|Win32
		{1C89A02E-4025-467E-AEA5-30D31F8223C7}.Debug|x64.ActiveCfg = Debug|x64
		{1C89A02E-4025-467E-AEA5-30D31F8223C7}.Debug|x64.Build.0 = Debug|x64
		{1C89A02E-4025-467E-AEA5-30D31F8223C7}.Debug|x86.ActiveCfg = Debug|Win32
		{1C89A02E-4025-467E-AEA5-30D31F8223C7}.Debug|x86.Build.0 = Debug|Win32
		{1C89A02E-4025-467E-AEA5-30D31F8223C7}.Release|x64.ActiveCfg = Release|x64
		{1C89A02E-4025-467E-AEA5-30D31F8223C7}.Release|x64.Build.0 = Release|x64
		{1C89A02E-4025-467E-AEA5-30D31F8223C7}.Release|x86.ActiveCfg = Release|Win32
		{1C89A02E-4025-467E-AEA5-30D31F8223C7}.Release|x86.Build.0 = Release|Win32
		{806BEA48-77E0-4473-9605-38BDEEE742DA}.Debug|x64.ActiveCfg = Debug|x64
		{806BEA48-77E0-4473-9605-38BDEEE742DA}.Debug|x64.Build.0 = Debug|x64
		{806BEA48-77E0-4473-9605-38BDEEE742DA}.Debug|x86.ActiveCfg = Debug|Win32
		{806BEA48-77E0-4473-9605-38BDEEE742DA}.Debug|x86.Build.0 = Debug|Win32
		{806BEA48-77E0-4473-9605-38BDEEE742DA}.Release|x64.ActiveCfg = Release|x64
		{806BEA48-77E0-4473-9605-38BDEEE742DA}.Release|x64.Build.0 = Release|x64
		{806BEA48-77E0-4473-9605-38BDEEE742DA}.Release|x86.ActiveCfg = Release|Win32
		{806BEA48-77E0-4473-9605-38BDEEE742DA}.Release|x86.Build.0 = Release|Win32
		{8AE186C2-AB1A-4B24-9B00-B0E954EACE6C}.Debug|x64.ActiveCfg = Debug|x64
		{8AE186C2-AB1A-4B24-9B00-B0E954EACE6C}.Debug|x64.Build.0 = Debug|x64
		{8AE186C2-AB1A-4B24-9B00-B0E954EACE6C}.Debug|x86.ActiveCfg = Debug|Win32
		{8AE186C2-AB1A-4B24-9B00-B0E954EACE6C}.Debug|x86.Build.0 = Debug|Win32
		{8AE186C2-AB1A-4B24-9B00-B0E954EACE6C}.Release|x64.ActiveCfg = Release|x64
		{8AE186C2-AB1A-4B24-9B00-B0E954EACE6C}.Release|x64.Build.0 = Release|x64
		{8AE186C2-AB1A-4B24-9B00-B0E954EACE6C}.Release|x86.ActiveCfg = Release|Win32
		{8AE186C2-AB1A-4B24-9B00-B0E954EACE6C}.Release|x86.Build.0 = Release|Win32
		{5CD86F7D-E084-4A20-BB30-09591D0991FD}.Debug|x64.ActiveCfg = Debug|x64
		{5CD86F7D-E084-4A20-BB30-09591D0991FD}.Debug|x64.Build.0 = Debug|x64
		{5CD86F7D-E084-4A20-BB30-09591D0991FD}.Debug|x86.ActiveCfg = Debug|Win32
		{5CD86F7D-E084-4A20-BB30-09591D0991FD}.Debug|x86.Build.0 = Debug|Win32
		{5CD86F7D-E084-4A20-BB30-09591D0991FD}.Release|x64.ActiveCfg = Release|x64
		{5CD86F7D-E084-4A20-BB30-09591D0991FD}.Release|x64.Build.0 = Release|x64
		{5CD86F7D-E084-4A20-BB30-09591D0991FD}.Release|x86.ActiveCfg = Release|Win32
		{5CD86F7D-E084-4A20-BB30-09591D0991FD}.Release|x86.Build.0 = Release|Win32
		{5A24E30E-5B8E-4930-8D48-E03769103EBF}.Debug|x64.ActiveCfg = Debug|x64
		{5A24E30E-5B8E-4930-8D48-E03769103EBF}.Debug|x64.Build.0 = Debug|x64
		{5A24E30E-5B8E-4930-8D48-E03769103EBF}.Debug|x86.ActiveCfg = Debug|Win32
		{5A24E30E-5B8E-4930-8D48-E03769103EBF}.Debug|x86.Build.0 = Debug|Win32
		{5A24E30E-5B8E-4930-8D48-E03769103EBF}.Release|x64.ActiveCfg = Release|x64
		{5A24E30E-5B8E-4930-8D48-E03769103EBF}.Release|x64.Build.0 = Release|x64
		{5A24E30E-5B8E-4930-8D48-E03769103EBF}.Release|x86.ActiveCfg = Release|Win32
		{5A24E30E-5B8E-4930-8D48-E03769103EBF}.Release|x86.Build.0 = Release|Win32
	EndGlobalSection
	GlobalSection(SolutionProperties) = preSolution
		HideSolutionNode = FALSE
	EndGlobalSection
	GlobalSection(ExtensibilityGlobals) = postSolution
		SolutionGuid = {32877491-3C00-4907-AD46-64AFB76F25D5}
	EndGlobalSection
EndGlobal
