
Microsoft Visual Studio Solution File, Format Version 12.00
# Visual Studio Version 17
VisualStudioVersion = 17.0.32014.148
MinimumVisualStudioVersion = 10.0.40219.1
Project("{8BC9CEB8-8B4A-11D0-8D11-00A0C91BC942}") = "Problem01", "Problem01\Problem01.vcxproj", "{85BF5212-E02F-47E7-B00B-2B7F623B8FCB}"
EndProject
Project("{8BC9CEB8-8B4A-11D0-8D11-00A0C91BC942}") = "Problem02", "Problem02\Problem02.vcxproj", "{E28BEEBD-F490-4F4B-867B-3D3B410A817F}"
EndProject
Project("{8BC9CEB8-8B4A-11D0-8D11-00A0C91BC942}") = "Problem03", "Problem03\Problem03.vcxproj", "{1DBF2D1F-25D0-4443-A159-669553146077}"
EndProject
Project("{8BC9CEB8-8B4A-11D0-8D11-00A0C91BC942}") = "Problem04", "Problem04\Problem04.vcxproj", "{9981B5AE-0A29-49A4-B6A6-0DE1A7DC6DE8}"
EndProject
Global
	GlobalSection(SolutionConfigurationPlatforms) = preSolution
		Debug|x64 = Debug|x64
		Debug|x86 = Debug|x86
		Release|x64 = Release|x64
		Release|x86 = Release|x86
	EndGlobalSection
	GlobalSection(ProjectConfigurationPlatforms) = postSolution
		{85BF5212-E02F-47E7-B00B-2B7F623B8FCB}.Debug|x64.ActiveCfg = Debug|x64
		{85BF5212-E02F-47E7-B00B-2B7F623B8FCB}.Debug|x64.Build.0 = Debug|x64
		{85BF5212-E02F-47E7-B00B-2B7F623B8FCB}.Debug|x86.ActiveCfg = Debug|Win32
		{85BF5212-E02F-47E7-B00B-2B7F623B8FCB}.Debug|x86.Build.0 = Debug|Win32
		{85BF5212-E02F-47E7-B00B-2B7F623B8FCB}.Release|x64.ActiveCfg = Release|x64
		{85BF5212-E02F-47E7-B00B-2B7F623B8FCB}.Release|x64.Build.0 = Release|x64
		{85BF5212-E02F-47E7-B00B-2B7F623B8FCB}.Release|x86.ActiveCfg = Release|Win32
		{85BF5212-E02F-47E7-B00B-2B7F623B8FCB}.Release|x86.Build.0 = Release|Win32
		{E28BEEBD-F490-4F4B-867B-3D3B410A817F}.Debug|x64.ActiveCfg = Debug|x64
		{E28BEEBD-F490-4F4B-867B-3D3B410A817F}.Debug|x64.Build.0 = Debug|x64
		{E28BEEBD-F490-4F4B-867B-3D3B410A817F}.Debug|x86.ActiveCfg = Debug|Win32
		{E28BEEBD-F490-4F4B-867B-3D3B410A817F}.Debug|x86.Build.0 = Debug|Win32
		{E28BEEBD-F490-4F4B-867B-3D3B410A817F}.Release|x64.ActiveCfg = Release|x64
		{E28BEEBD-F490-4F4B-867B-3D3B410A817F}.Release|x64.Build.0 = Release|x64
		{E28BEEBD-F490-4F4B-867B-3D3B410A817F}.Release|x86.ActiveCfg = Release|Win32
		{E28BEEBD-F490-4F4B-867B-3D3B410A817F}.Release|x86.Build.0 = Release|Win32
		{1DBF2D1F-25D0-4443-A159-669553146077}.Debug|x64.ActiveCfg = Debug|x64
		{1DBF2D1F-25D0-4443-A159-669553146077}.Debug|x64.Build.0 = Debug|x64
		{1DBF2D1F-25D0-4443-A159-669553146077}.Debug|x86.ActiveCfg = Debug|Win32
		{1DBF2D1F-25D0-4443-A159-669553146077}.Debug|x86.Build.0 = Debug|Win32
		{1DBF2D1F-25D0-4443-A159-669553146077}.Release|x64.ActiveCfg = Release|x64
		{1DBF2D1F-25D0-4443-A159-669553146077}.Release|x64.Build.0 = Release|x64
		{1DBF2D1F-25D0-4443-A159-669553146077}.Release|x86.ActiveCfg = Release|Win32
		{1DBF2D1F-25D0-4443-A159-669553146077}.Release|x86.Build.0 = Release|Win32
		{9981B5AE-0A29-49A4-B6A6-0DE1A7DC6DE8}.Debug|x64.ActiveCfg = Debug|x64
		{9981B5AE-0A29-49A4-B6A6-0DE1A7DC6DE8}.Debug|x64.Build.0 = Debug|x64
		{9981B5AE-0A29-49A4-B6A6-0DE1A7DC6DE8}.Debug|x86.ActiveCfg = Debug|Win32
		{9981B5AE-0A29-49A4-B6A6-0DE1A7DC6DE8}.Debug|x86.Build.0 = Debug|Win32
		{9981B5AE-0A29-49A4-B6A6-0DE1A7DC6DE8}.Release|x64.ActiveCfg = Release|x64
		{9981B5AE-0A29-49A4-B6A6-0DE1A7DC6DE8}.Release|x64.Build.0 = Release|x64
		{9981B5AE-0A29-49A4-B6A6-0DE1A7DC6DE8}.Release|x86.ActiveCfg = Release|Win32
		{9981B5AE-0A29-49A4-B6A6-0DE1A7DC6DE8}.Release|x86.Build.0 = Release|Win32
	EndGlobalSection
	GlobalSection(SolutionProperties) = preSolution
		HideSolutionNode = FALSE
	EndGlobalSection
	GlobalSection(ExtensibilityGlobals) = postSolution
		SolutionGuid = {ABE24443-5CBA-4349-923A-D1A6AAF552E2}
	EndGlobalSection
EndGlobal
