
Microsoft Visual Studio Solution File, Format Version 12.00
# Visual Studio Version 16
VisualStudioVersion = 16.0.31605.320
MinimumVisualStudioVersion = 10.0.40219.1
Project("{8BC9CEB8-8B4A-11D0-8D11-00A0C91BC942}") = "01.VowelsCount", "01.VowelsCount\01.VowelsCount.vcxproj", "{97717140-2CCB-40B4-8011-4709A57B96AB}"
EndProject
Project("{8BC9CEB8-8B4A-11D0-8D11-00A0C91BC942}") = "02.WordsCount", "02.WordsCount\02.WordsCount.vcxproj", "{02190046-3FDF-4DAC-8FEA-64D8DAE813FC}"
EndProject
Project("{8BC9CEB8-8B4A-11D0-8D11-00A0C91BC942}") = "03.NumbersInText", "03.NumbersInText\03.NumbersInText.vcxproj", "{2C817FDC-B7FA-4FF7-88B4-B3583FC23C7A}"
EndProject
Project("{8BC9CEB8-8B4A-11D0-8D11-00A0C91BC942}") = "05.WordsLengths", "05.WordsLengths\05.WordsLengths.vcxproj", "{CAAAFAAB-25BE-47AD-AD75-AE3E454067F8}"
EndProject
Project("{8BC9CEB8-8B4A-11D0-8D11-00A0C91BC942}") = "06.Histogram", "06.Histogram\06.Histogram.vcxproj", "{046FED85-1622-4E59-983C-641D1B1517D4}"
EndProject
Project("{8BC9CEB8-8B4A-11D0-8D11-00A0C91BC942}") = "07.MostCommonVowel", "07.MostCommonVowel\07.MostCommonVowel.vcxproj", "{49804602-A1FE-4522-94F9-3112D3DF43E0}"
EndProject
Global
	GlobalSection(SolutionConfigurationPlatforms) = preSolution
		Debug|x64 = Debug|x64
		Debug|x86 = Debug|x86
		Release|x64 = Release|x64
		Release|x86 = Release|x86
	EndGlobalSection
	GlobalSection(ProjectConfigurationPlatforms) = postSolution
		{97717140-2CCB-40B4-8011-4709A57B96AB}.Debug|x64.ActiveCfg = Debug|x64
		{97717140-2CCB-40B4-8011-4709A57B96AB}.Debug|x64.Build.0 = Debug|x64
		{97717140-2CCB-40B4-8011-4709A57B96AB}.Debug|x86.ActiveCfg = Debug|Win32
		{97717140-2CCB-40B4-8011-4709A57B96AB}.Debug|x86.Build.0 = Debug|Win32
		{97717140-2CCB-40B4-8011-4709A57B96AB}.Release|x64.ActiveCfg = Release|x64
		{97717140-2CCB-40B4-8011-4709A57B96AB}.Release|x64.Build.0 = Release|x64
		{97717140-2CCB-40B4-8011-4709A57B96AB}.Release|x86.ActiveCfg = Release|Win32
		{97717140-2CCB-40B4-8011-4709A57B96AB}.Release|x86.Build.0 = Release|Win32
		{02190046-3FDF-4DAC-8FEA-64D8DAE813FC}.Debug|x64.ActiveCfg = Debug|x64
		{02190046-3FDF-4DAC-8FEA-64D8DAE813FC}.Debug|x64.Build.0 = Debug|x64
		{02190046-3FDF-4DAC-8FEA-64D8DAE813FC}.Debug|x86.ActiveCfg = Debug|Win32
		{02190046-3FDF-4DAC-8FEA-64D8DAE813FC}.Debug|x86.Build.0 = Debug|Win32
		{02190046-3FDF-4DAC-8FEA-64D8DAE813FC}.Release|x64.ActiveCfg = Release|x64
		{02190046-3FDF-4DAC-8FEA-64D8DAE813FC}.Release|x64.Build.0 = Release|x64
		{02190046-3FDF-4DAC-8FEA-64D8DAE813FC}.Release|x86.ActiveCfg = Release|Win32
		{02190046-3FDF-4DAC-8FEA-64D8DAE813FC}.Release|x86.Build.0 = Release|Win32
		{2C817FDC-B7FA-4FF7-88B4-B3583FC23C7A}.Debug|x64.ActiveCfg = Debug|x64
		{2C817FDC-B7FA-4FF7-88B4-B3583FC23C7A}.Debug|x64.Build.0 = Debug|x64
		{2C817FDC-B7FA-4FF7-88B4-B3583FC23C7A}.Debug|x86.ActiveCfg = Debug|Win32
		{2C817FDC-B7FA-4FF7-88B4-B3583FC23C7A}.Debug|x86.Build.0 = Debug|Win32
		{2C817FDC-B7FA-4FF7-88B4-B3583FC23C7A}.Release|x64.ActiveCfg = Release|x64
		{2C817FDC-B7FA-4FF7-88B4-B3583FC23C7A}.Release|x64.Build.0 = Release|x64
		{2C817FDC-B7FA-4FF7-88B4-B3583FC23C7A}.Release|x86.ActiveCfg = Release|Win32
		{2C817FDC-B7FA-4FF7-88B4-B3583FC23C7A}.Release|x86.Build.0 = Release|Win32
		{CAAAFAAB-25BE-47AD-AD75-AE3E454067F8}.Debug|x64.ActiveCfg = Debug|x64
		{CAAAFAAB-25BE-47AD-AD75-AE3E454067F8}.Debug|x64.Build.0 = Debug|x64
		{CAAAFAAB-25BE-47AD-AD75-AE3E454067F8}.Debug|x86.ActiveCfg = Debug|Win32
		{CAAAFAAB-25BE-47AD-AD75-AE3E454067F8}.Debug|x86.Build.0 = Debug|Win32
		{CAAAFAAB-25BE-47AD-AD75-AE3E454067F8}.Release|x64.ActiveCfg = Release|x64
		{CAAAFAAB-25BE-47AD-AD75-AE3E454067F8}.Release|x64.Build.0 = Release|x64
		{CAAAFAAB-25BE-47AD-AD75-AE3E454067F8}.Release|x86.ActiveCfg = Release|Win32
		{CAAAFAAB-25BE-47AD-AD75-AE3E454067F8}.Release|x86.Build.0 = Release|Win32
		{046FED85-1622-4E59-983C-641D1B1517D4}.Debug|x64.ActiveCfg = Debug|x64
		{046FED85-1622-4E59-983C-641D1B1517D4}.Debug|x64.Build.0 = Debug|x64
		{046FED85-1622-4E59-983C-641D1B1517D4}.Debug|x86.ActiveCfg = Debug|Win32
		{046FED85-1622-4E59-983C-641D1B1517D4}.Debug|x86.Build.0 = Debug|Win32
		{046FED85-1622-4E59-983C-641D1B1517D4}.Release|x64.ActiveCfg = Release|x64
		{046FED85-1622-4E59-983C-641D1B1517D4}.Release|x64.Build.0 = Release|x64
		{046FED85-1622-4E59-983C-641D1B1517D4}.Release|x86.ActiveCfg = Release|Win32
		{046FED85-1622-4E59-983C-641D1B1517D4}.Release|x86.Build.0 = Release|Win32
		{49804602-A1FE-4522-94F9-3112D3DF43E0}.Debug|x64.ActiveCfg = Debug|x64
		{49804602-A1FE-4522-94F9-3112D3DF43E0}.Debug|x64.Build.0 = Debug|x64
		{49804602-A1FE-4522-94F9-3112D3DF43E0}.Debug|x86.ActiveCfg = Debug|Win32
		{49804602-A1FE-4522-94F9-3112D3DF43E0}.Debug|x86.Build.0 = Debug|Win32
		{49804602-A1FE-4522-94F9-3112D3DF43E0}.Release|x64.ActiveCfg = Release|x64
		{49804602-A1FE-4522-94F9-3112D3DF43E0}.Release|x64.Build.0 = Release|x64
		{49804602-A1FE-4522-94F9-3112D3DF43E0}.Release|x86.ActiveCfg = Release|Win32
		{49804602-A1FE-4522-94F9-3112D3DF43E0}.Release|x86.Build.0 = Release|Win32
	EndGlobalSection
	GlobalSection(SolutionProperties) = preSolution
		HideSolutionNode = FALSE
	EndGlobalSection
	GlobalSection(ExtensibilityGlobals) = postSolution
		SolutionGuid = {494B1D12-7574-45F6-A6FF-64ECE8F53EEB}
	EndGlobalSection
EndGlobal
